{
	"requires": true,
	"lockfileVersion": 1,
	"dependencies": {
		"add-dom-event-listener": {
			"version": "1.1.0",
			"resolved": "https://npm.nekotal.tech/add-dom-event-listener/-/add-dom-event-listener-1.1.0.tgz",
			"integrity": "sha512-WCxx1ixHT0GQU9hb0KI/mhgRQhnU+U3GvwY6ZvVjYq8rsihIGoaIOUbY0yMPBxLH5MDtr0kz3fisWGNcbWW7Jw==",
			"requires": {
				"object-assign": "4.x"
			}
		},
		"babel-runtime": {
			"version": "6.26.0",
			"resolved": "https://npm.nekotal.tech/babel-runtime/-/babel-runtime-6.26.0.tgz",
			"integrity": "sha1-llxwWGaOgrVde/4E/yM3vItWR/4=",
			"requires": {
				"core-js": "^2.4.0",
				"regenerator-runtime": "^0.11.0"
			}
		},
		"component-classes": {
			"version": "1.2.6",
			"resolved": "https://npm.nekotal.tech/component-classes/-/component-classes-1.2.6.tgz",
			"integrity": "sha1-xkI5TDYYpNiwuJGe/Mu9kw5c1pE=",
			"requires": {
				"component-indexof": "0.0.3"
			}
		},
		"component-indexof": {
			"version": "0.0.3",
			"resolved": "https://npm.nekotal.tech/component-indexof/-/component-indexof-0.0.3.tgz",
			"integrity": "sha1-EdCRMSI5648yyPJa6csAL/6NPCQ="
		},
		"core-js": {
			"version": "2.5.7",
			"resolved": "https://npm.nekotal.tech/core-js/-/core-js-2.5.7.tgz",
			"integrity": "sha512-RszJCAxg/PP6uzXVXL6BsxSXx/B05oJAQ2vkJRjyjrEcNVycaqOmNb5OTxZPE3xa5gwZduqza6L9JOCenh/Ecw=="
		},
		"hoist-non-react-statics": {
			"version": "2.5.5",
			"resolved": "https://npm.nekotal.tech/hoist-non-react-statics/-/hoist-non-react-statics-2.5.5.tgz",
			"integrity": "sha512-rqcy4pJo55FTTLWt+bU8ukscqHeE/e9KWvsOW2b/a3afxQZhwkQdT1rPPCJ0rYXdj4vNcasY8zHTH+jF/qStxw=="
		},
		"js-tokens": {
			"version": "4.0.0",
			"resolved": "https://npm.nekotal.tech/js-tokens/-/js-tokens-4.0.0.tgz",
			"integrity": "sha512-RdJUflcE3cUzKiMqQgsCu06FPu9UdIJO0beYbPhHN4k6apgJtifcoCtT9bcxOpYBtpD2kCM6Sbzg4CausW/PKQ=="
		},
		"lodash": {
			"version": "4.17.11",
			"resolved": "https://npm.nekotal.tech/lodash/-/lodash-4.17.11.tgz",
			"integrity": "sha512-cQKh8igo5QUhZ7lg38DYWAxMvjSAKG0A8wGSVimP07SIUEK2UO+arSRKbRZWtelMtN5V0Hkwh5ryOto/SshYIg=="
		},
		"lodash._getnative": {
			"version": "3.9.1",
			"resolved": "https://npm.nekotal.tech/lodash._getnative/-/lodash._getnative-3.9.1.tgz",
			"integrity": "sha1-VwvH3t5G1hzc3mh9ZdPuy6o6r/U="
		},
		"lodash.isarguments": {
			"version": "3.1.0",
			"resolved": "https://npm.nekotal.tech/lodash.isarguments/-/lodash.isarguments-3.1.0.tgz",
			"integrity": "sha1-L1c9hcaiQon/AGY7SRwdM4/zRYo="
		},
		"lodash.isarray": {
			"version": "3.0.4",
			"resolved": "https://npm.nekotal.tech/lodash.isarray/-/lodash.isarray-3.0.4.tgz",
			"integrity": "sha1-eeTriMNqgSKvhvhEqpvNhRtfu1U="
		},
		"lodash.keys": {
			"version": "3.1.2",
			"resolved": "https://npm.nekotal.tech/lodash.keys/-/lodash.keys-3.1.2.tgz",
			"integrity": "sha1-TbwEcrFWvlCgsoaFXRvQsMZWCYo=",
			"requires": {
				"lodash._getnative": "^3.0.0",
				"lodash.isarguments": "^3.0.0",
				"lodash.isarray": "^3.0.0"
			}
		},
		"loose-envify": {
			"version": "1.4.0",
			"resolved": "https://npm.nekotal.tech/loose-envify/-/loose-envify-1.4.0.tgz",
			"integrity": "sha512-lyuxPGr/Wfhrlem2CL/UcnUc1zcqKAImBDzukY7Y5F/yQiNdko6+fRLevlw1HgMySw7f611UIY408EtxRSoK3Q==",
			"requires": {
				"js-tokens": "^3.0.0 || ^4.0.0"
			}
		},
		"mini-store": {
			"version": "1.1.2",
			"resolved": "https://npm.nekotal.tech/mini-store/-/mini-store-1.1.2.tgz",
			"integrity": "sha512-2gU6dRzyv/79jrPw/SLtnj6EAdYlktW10e5jPqyIVeFgyFHxcP1BoqAH5Uf5WfKXbTdeHgJ+fuoAFP4falptdw==",
			"requires": {
				"hoist-non-react-statics": "^2.3.1",
				"prop-types": "^15.6.0",
				"react-lifecycles-compat": "^3.0.4",
				"shallowequal": "^1.0.2"
			}
		},
		"object-assign": {
			"version": "4.1.1",
			"resolved": "https://npm.nekotal.tech/object-assign/-/object-assign-4.1.1.tgz",
			"integrity": "sha1-IQmtx5ZYh8/AXLvUQsrIv7s2CGM="
		},
		"prop-types": {
			"version": "15.6.2",
			"resolved": "https://npm.nekotal.tech/prop-types/-/prop-types-15.6.2.tgz",
			"integrity": "sha512-3pboPvLiWD7dkI3qf3KbUe6hKFKa52w+AE0VCqECtf+QHAKgOL37tTaNCnuX1nAAQ4ZhyP+kYVKf8rLmJ/feDQ==",
			"requires": {
				"loose-envify": "^1.3.1",
				"object-assign": "^4.1.1"
			}
		},
		"rc-table": {
			"version": "6.1.7",
			"resolved": "https://npm.nekotal.tech/rc-table/-/rc-table-6.1.7.tgz",
			"integrity": "sha512-oMg+SAgwiCssDg07eYZ8JqozGdDEkUY/G6SglDygRSOOa93Y771ulv0J59k4Cm0thHNVKRrBg34vE+HWo0RG+A==",
			"requires": {
				"babel-runtime": "6.x",
				"component-classes": "^1.2.6",
				"lodash": "^4.17.5",
				"mini-store": "^1.0.2",
				"prop-types": "^15.5.8",
				"rc-util": "^4.0.4",
				"shallowequal": "^1.0.2",
				"warning": "^3.0.0"
			}
		},
		"rc-util": {
			"version": "4.6.0",
			"resolved": "https://npm.nekotal.tech/rc-util/-/rc-util-4.6.0.tgz",
			"integrity": "sha512-rbgrzm1/i8mgfwOI4t1CwWK7wGe+OwX+dNa7PVMgxZYPBADGh86eD4OcJO1UKGeajIMDUUKMluaZxvgraQIOmw==",
			"requires": {
				"add-dom-event-listener": "^1.1.0",
				"babel-runtime": "6.x",
				"prop-types": "^15.5.10",
				"shallowequal": "^0.2.2"
			},
			"dependencies": {
				"shallowequal": {
					"version": "0.2.2",
					"resolved": "https://npm.nekotal.tech/shallowequal/-/shallowequal-0.2.2.tgz",
					"integrity": "sha1-HjL9W8q2rWiKSBLLDMBO/HXHAU4=",
					"requires": {
						"lodash.keys": "^3.1.2"
					}
				}
			}
		},
		"react-lifecycles-compat": {
			"version": "3.0.4",
			"resolved": "https://npm.nekotal.tech/react-lifecycles-compat/-/react-lifecycles-compat-3.0.4.tgz",
			"integrity": "sha512-fBASbA6LnOU9dOU2eW7aQ8xmYBSXUIWr+UmF9b1efZBazGNO+rcXT/icdKnYm2pTwcRylVUYwW7H1PHfLekVzA=="
		},
		"regenerator-runtime": {
			"version": "0.11.1",
			"resolved": "https://npm.nekotal.tech/regenerator-runtime/-/regenerator-runtime-0.11.1.tgz",
			"integrity": "sha512-MguG95oij0fC3QV3URf4V2SDYGJhJnJGqvIIgdECeODCT98wSWDAJ94SSuVpYQUoTcGUIL6L4yNB7j1DFFHSBg=="
		},
		"shallowequal": {
			"version": "1.1.0",
			"resolved": "https://npm.nekotal.tech/shallowequal/-/shallowequal-1.1.0.tgz",
			"integrity": "sha512-y0m1JoUZSlPAjXVtPPW70aZWfIL/dSP7AFkRnniLCrK/8MDKog3TySTBmckD+RObVxH0v4Tox67+F14PdED2oQ=="
		},
		"warning": {
			"version": "3.0.0",
			"resolved": "https://npm.nekotal.tech/warning/-/warning-3.0.0.tgz",
			"integrity": "sha1-MuU3fLVy3kqwR1O9+IIcAe1gW3w=",
			"requires": {
				"loose-envify": "^1.0.0"
			}
		}
	}
}
